
Microsoft Visual Studio Solution File, Format Version 12.00
# Visual Studio Version 16
VisualStudioVersion = 16.0.29613.14
MinimumVisualStudioVersion = 10.0.40219.1
Project("{8BC9CEB8-8B4A-11D0-8D11-00A0C91BC942}") = "all649", "all649\all649.vcxproj", "{E2B868F4-52C2-4D44-B109-C3ECA2431CEF}"
EndProject
Global
	GlobalSection(SolutionConfigurationPlatforms) = preSolution
		Debug|x64 = Debug|x64
		Debug|x86 = Debug|x86
		Release|x64 = Release|x64
		Release|x86 = Release|x86
	EndGlobalSection
	GlobalSection(ProjectConfigurationPlatforms) = postSolution
		{E2B868F4-52C2-4D44-B109-C3ECA2431CEF}.Debug|x64.ActiveCfg = Debug|x64
		{E2B868F4-52C2-4D44-B109-C3ECA2431CEF}.Debug|x64.Build.0 = Debug|x64
		{E2B868F4-52C2-4D44-B109-C3ECA2431CEF}.Debug|x86.ActiveCfg = Debug|Win32
		{E2B868F4-52C2-4D44-B109-C3ECA2431CEF}.Debug|x86.Build.0 = Debug|Win32
		{E2B868F4-52C2-4D44-B109-C3ECA2431CEF}.Release|x64.ActiveCfg = Release|x64
		{E2B868F4-52C2-4D44-B109-C3ECA2431CEF}.Release|x64.Build.0 = Release|x64
		{E2B868F4-52C2-4D44-B109-C3ECA2431CEF}.Release|x86.ActiveCfg = Release|Win32
		{E2B868F4-52C2-4D44-B109-C3ECA2431CEF}.Release|x86.Build.0 = Release|Win32
	EndGlobalSection
	GlobalSection(SolutionProperties) = preSolution
		HideSolutionNode = FALSE
	EndGlobalSection
	GlobalSection(ExtensibilityGlobals) = postSolution
		SolutionGuid = {BBAF0FE7-A899-4D96-B825-63E3B26D57E6}
	EndGlobalSection
EndGlobal
