
Microsoft Visual Studio Solution File, Format Version 12.00
# Visual Studio Version 16
VisualStudioVersion = 16.0.29613.14
MinimumVisualStudioVersion = 10.0.40219.1
Project("{8BC9CEB8-8B4A-11D0-8D11-00A0C91BC942}") = "all996", "all996\all996.vcxproj", "{819AF1F3-FD7F-4050-93C2-AAB7E431EF48}"
EndProject
Global
	GlobalSection(SolutionConfigurationPlatforms) = preSolution
		Debug|x64 = Debug|x64
		Debug|x86 = Debug|x86
		Release|x64 = Release|x64
		Release|x86 = Release|x86
	EndGlobalSection
	GlobalSection(ProjectConfigurationPlatforms) = postSolution
		{819AF1F3-FD7F-4050-93C2-AAB7E431EF48}.Debug|x64.ActiveCfg = Debug|x64
		{819AF1F3-FD7F-4050-93C2-AAB7E431EF48}.Debug|x64.Build.0 = Debug|x64
		{819AF1F3-FD7F-4050-93C2-AAB7E431EF48}.Debug|x86.ActiveCfg = Debug|Win32
		{819AF1F3-FD7F-4050-93C2-AAB7E431EF48}.Debug|x86.Build.0 = Debug|Win32
		{819AF1F3-FD7F-4050-93C2-AAB7E431EF48}.Release|x64.ActiveCfg = Release|x64
		{819AF1F3-FD7F-4050-93C2-AAB7E431EF48}.Release|x64.Build.0 = Release|x64
		{819AF1F3-FD7F-4050-93C2-AAB7E431EF48}.Release|x86.ActiveCfg = Release|Win32
		{819AF1F3-FD7F-4050-93C2-AAB7E431EF48}.Release|x86.Build.0 = Release|Win32
	EndGlobalSection
	GlobalSection(SolutionProperties) = preSolution
		HideSolutionNode = FALSE
	EndGlobalSection
	GlobalSection(ExtensibilityGlobals) = postSolution
		SolutionGuid = {1CBF31E8-FE54-4B39-9AC2-74DE9EF17D60}
	EndGlobalSection
EndGlobal
