
Microsoft Visual Studio Solution File, Format Version 12.00
# Visual Studio Version 16
VisualStudioVersion = 16.0.29613.14
MinimumVisualStudioVersion = 10.0.40219.1
Project("{8BC9CEB8-8B4A-11D0-8D11-00A0C91BC942}") = "all712", "all712\all712.vcxproj", "{5F028199-8EBB-4121-A42B-656E02D1A2E8}"
EndProject
Global
	GlobalSection(SolutionConfigurationPlatforms) = preSolution
		Debug|x64 = Debug|x64
		Debug|x86 = Debug|x86
		Release|x64 = Release|x64
		Release|x86 = Release|x86
	EndGlobalSection
	GlobalSection(ProjectConfigurationPlatforms) = postSolution
		{5F028199-8EBB-4121-A42B-656E02D1A2E8}.Debug|x64.ActiveCfg = Debug|x64
		{5F028199-8EBB-4121-A42B-656E02D1A2E8}.Debug|x64.Build.0 = Debug|x64
		{5F028199-8EBB-4121-A42B-656E02D1A2E8}.Debug|x86.ActiveCfg = Debug|Win32
		{5F028199-8EBB-4121-A42B-656E02D1A2E8}.Debug|x86.Build.0 = Debug|Win32
		{5F028199-8EBB-4121-A42B-656E02D1A2E8}.Release|x64.ActiveCfg = Release|x64
		{5F028199-8EBB-4121-A42B-656E02D1A2E8}.Release|x64.Build.0 = Release|x64
		{5F028199-8EBB-4121-A42B-656E02D1A2E8}.Release|x86.ActiveCfg = Release|Win32
		{5F028199-8EBB-4121-A42B-656E02D1A2E8}.Release|x86.Build.0 = Release|Win32
	EndGlobalSection
	GlobalSection(SolutionProperties) = preSolution
		HideSolutionNode = FALSE
	EndGlobalSection
	GlobalSection(ExtensibilityGlobals) = postSolution
		SolutionGuid = {B88AD4BE-F8E5-4F3C-B811-2F6AB5525E49}
	EndGlobalSection
EndGlobal
