
Microsoft Visual Studio Solution File, Format Version 12.00
# Visual Studio Version 16
VisualStudioVersion = 16.0.29613.14
MinimumVisualStudioVersion = 10.0.40219.1
Project("{8BC9CEB8-8B4A-11D0-8D11-00A0C91BC942}") = "hot4", "hot4\hot4.vcxproj", "{5644DC1A-088D-43DE-B8A8-3F42EBEC803D}"
EndProject
Global
	GlobalSection(SolutionConfigurationPlatforms) = preSolution
		Debug|x64 = Debug|x64
		Debug|x86 = Debug|x86
		Release|x64 = Release|x64
		Release|x86 = Release|x86
	EndGlobalSection
	GlobalSection(ProjectConfigurationPlatforms) = postSolution
		{5644DC1A-088D-43DE-B8A8-3F42EBEC803D}.Debug|x64.ActiveCfg = Debug|x64
		{5644DC1A-088D-43DE-B8A8-3F42EBEC803D}.Debug|x64.Build.0 = Debug|x64
		{5644DC1A-088D-43DE-B8A8-3F42EBEC803D}.Debug|x86.ActiveCfg = Debug|Win32
		{5644DC1A-088D-43DE-B8A8-3F42EBEC803D}.Debug|x86.Build.0 = Debug|Win32
		{5644DC1A-088D-43DE-B8A8-3F42EBEC803D}.Release|x64.ActiveCfg = Release|x64
		{5644DC1A-088D-43DE-B8A8-3F42EBEC803D}.Release|x64.Build.0 = Release|x64
		{5644DC1A-088D-43DE-B8A8-3F42EBEC803D}.Release|x86.ActiveCfg = Release|Win32
		{5644DC1A-088D-43DE-B8A8-3F42EBEC803D}.Release|x86.Build.0 = Release|Win32
	EndGlobalSection
	GlobalSection(SolutionProperties) = preSolution
		HideSolutionNode = FALSE
	EndGlobalSection
	GlobalSection(ExtensibilityGlobals) = postSolution
		SolutionGuid = {59337D19-A0F6-4D9A-8454-56D0614D1DF7}
	EndGlobalSection
EndGlobal
