
Microsoft Visual Studio Solution File, Format Version 12.00
# Visual Studio Version 16
VisualStudioVersion = 16.0.29613.14
MinimumVisualStudioVersion = 10.0.40219.1
Project("{8BC9CEB8-8B4A-11D0-8D11-00A0C91BC942}") = "all841", "all841\all841.vcxproj", "{30D98FDC-5BEF-4B08-8D9C-687C825D44FA}"
EndProject
Global
	GlobalSection(SolutionConfigurationPlatforms) = preSolution
		Debug|x64 = Debug|x64
		Debug|x86 = Debug|x86
		Release|x64 = Release|x64
		Release|x86 = Release|x86
	EndGlobalSection
	GlobalSection(ProjectConfigurationPlatforms) = postSolution
		{30D98FDC-5BEF-4B08-8D9C-687C825D44FA}.Debug|x64.ActiveCfg = Debug|x64
		{30D98FDC-5BEF-4B08-8D9C-687C825D44FA}.Debug|x64.Build.0 = Debug|x64
		{30D98FDC-5BEF-4B08-8D9C-687C825D44FA}.Debug|x86.ActiveCfg = Debug|Win32
		{30D98FDC-5BEF-4B08-8D9C-687C825D44FA}.Debug|x86.Build.0 = Debug|Win32
		{30D98FDC-5BEF-4B08-8D9C-687C825D44FA}.Release|x64.ActiveCfg = Release|x64
		{30D98FDC-5BEF-4B08-8D9C-687C825D44FA}.Release|x64.Build.0 = Release|x64
		{30D98FDC-5BEF-4B08-8D9C-687C825D44FA}.Release|x86.ActiveCfg = Release|Win32
		{30D98FDC-5BEF-4B08-8D9C-687C825D44FA}.Release|x86.Build.0 = Release|Win32
	EndGlobalSection
	GlobalSection(SolutionProperties) = preSolution
		HideSolutionNode = FALSE
	EndGlobalSection
	GlobalSection(ExtensibilityGlobals) = postSolution
		SolutionGuid = {68DBB072-D98B-4AE7-8E46-BED426537F4D}
	EndGlobalSection
EndGlobal
