
Microsoft Visual Studio Solution File, Format Version 12.00
# Visual Studio Version 16
VisualStudioVersion = 16.0.29613.14
MinimumVisualStudioVersion = 10.0.40219.1
Project("{8BC9CEB8-8B4A-11D0-8D11-00A0C91BC942}") = "all1434", "all1434\all1434.vcxproj", "{7F333AEF-BFA6-4DDB-B7B3-24BE7FED8B63}"
EndProject
Global
	GlobalSection(SolutionConfigurationPlatforms) = preSolution
		Debug|x64 = Debug|x64
		Debug|x86 = Debug|x86
		Release|x64 = Release|x64
		Release|x86 = Release|x86
	EndGlobalSection
	GlobalSection(ProjectConfigurationPlatforms) = postSolution
		{7F333AEF-BFA6-4DDB-B7B3-24BE7FED8B63}.Debug|x64.ActiveCfg = Debug|x64
		{7F333AEF-BFA6-4DDB-B7B3-24BE7FED8B63}.Debug|x64.Build.0 = Debug|x64
		{7F333AEF-BFA6-4DDB-B7B3-24BE7FED8B63}.Debug|x86.ActiveCfg = Debug|Win32
		{7F333AEF-BFA6-4DDB-B7B3-24BE7FED8B63}.Debug|x86.Build.0 = Debug|Win32
		{7F333AEF-BFA6-4DDB-B7B3-24BE7FED8B63}.Release|x64.ActiveCfg = Release|x64
		{7F333AEF-BFA6-4DDB-B7B3-24BE7FED8B63}.Release|x64.Build.0 = Release|x64
		{7F333AEF-BFA6-4DDB-B7B3-24BE7FED8B63}.Release|x86.ActiveCfg = Release|Win32
		{7F333AEF-BFA6-4DDB-B7B3-24BE7FED8B63}.Release|x86.Build.0 = Release|Win32
	EndGlobalSection
	GlobalSection(SolutionProperties) = preSolution
		HideSolutionNode = FALSE
	EndGlobalSection
	GlobalSection(ExtensibilityGlobals) = postSolution
		SolutionGuid = {5811B4A1-D713-4275-9896-FF1D0E5242CB}
	EndGlobalSection
EndGlobal
