
Microsoft Visual Studio Solution File, Format Version 12.00
# Visual Studio Version 16
VisualStudioVersion = 16.0.29613.14
MinimumVisualStudioVersion = 10.0.40219.1
Project("{8BC9CEB8-8B4A-11D0-8D11-00A0C91BC942}") = "all877", "all877\all877.vcxproj", "{4732E7A6-32F1-44BF-BA40-ACC52C6BB923}"
EndProject
Global
	GlobalSection(SolutionConfigurationPlatforms) = preSolution
		Debug|x64 = Debug|x64
		Debug|x86 = Debug|x86
		Release|x64 = Release|x64
		Release|x86 = Release|x86
	EndGlobalSection
	GlobalSection(ProjectConfigurationPlatforms) = postSolution
		{4732E7A6-32F1-44BF-BA40-ACC52C6BB923}.Debug|x64.ActiveCfg = Debug|x64
		{4732E7A6-32F1-44BF-BA40-ACC52C6BB923}.Debug|x64.Build.0 = Debug|x64
		{4732E7A6-32F1-44BF-BA40-ACC52C6BB923}.Debug|x86.ActiveCfg = Debug|Win32
		{4732E7A6-32F1-44BF-BA40-ACC52C6BB923}.Debug|x86.Build.0 = Debug|Win32
		{4732E7A6-32F1-44BF-BA40-ACC52C6BB923}.Release|x64.ActiveCfg = Release|x64
		{4732E7A6-32F1-44BF-BA40-ACC52C6BB923}.Release|x64.Build.0 = Release|x64
		{4732E7A6-32F1-44BF-BA40-ACC52C6BB923}.Release|x86.ActiveCfg = Release|Win32
		{4732E7A6-32F1-44BF-BA40-ACC52C6BB923}.Release|x86.Build.0 = Release|Win32
	EndGlobalSection
	GlobalSection(SolutionProperties) = preSolution
		HideSolutionNode = FALSE
	EndGlobalSection
	GlobalSection(ExtensibilityGlobals) = postSolution
		SolutionGuid = {6A2E8613-8379-4BCB-9F6B-4C12D2795F1C}
	EndGlobalSection
EndGlobal
