
Microsoft Visual Studio Solution File, Format Version 12.00
# Visual Studio Version 16
VisualStudioVersion = 16.0.29613.14
MinimumVisualStudioVersion = 10.0.40219.1
Project("{8BC9CEB8-8B4A-11D0-8D11-00A0C91BC942}") = "all1262", "all1262\all1262.vcxproj", "{DFB623D5-FD4E-4A63-8D11-A82EE2419997}"
EndProject
Global
	GlobalSection(SolutionConfigurationPlatforms) = preSolution
		Debug|x64 = Debug|x64
		Debug|x86 = Debug|x86
		Release|x64 = Release|x64
		Release|x86 = Release|x86
	EndGlobalSection
	GlobalSection(ProjectConfigurationPlatforms) = postSolution
		{DFB623D5-FD4E-4A63-8D11-A82EE2419997}.Debug|x64.ActiveCfg = Debug|x64
		{DFB623D5-FD4E-4A63-8D11-A82EE2419997}.Debug|x64.Build.0 = Debug|x64
		{DFB623D5-FD4E-4A63-8D11-A82EE2419997}.Debug|x86.ActiveCfg = Debug|Win32
		{DFB623D5-FD4E-4A63-8D11-A82EE2419997}.Debug|x86.Build.0 = Debug|Win32
		{DFB623D5-FD4E-4A63-8D11-A82EE2419997}.Release|x64.ActiveCfg = Release|x64
		{DFB623D5-FD4E-4A63-8D11-A82EE2419997}.Release|x64.Build.0 = Release|x64
		{DFB623D5-FD4E-4A63-8D11-A82EE2419997}.Release|x86.ActiveCfg = Release|Win32
		{DFB623D5-FD4E-4A63-8D11-A82EE2419997}.Release|x86.Build.0 = Release|Win32
	EndGlobalSection
	GlobalSection(SolutionProperties) = preSolution
		HideSolutionNode = FALSE
	EndGlobalSection
	GlobalSection(ExtensibilityGlobals) = postSolution
		SolutionGuid = {680D2DD5-09AD-452A-890F-9BD61C4851B6}
	EndGlobalSection
EndGlobal
