
Microsoft Visual Studio Solution File, Format Version 12.00
# Visual Studio Version 16
VisualStudioVersion = 16.0.29613.14
MinimumVisualStudioVersion = 10.0.40219.1
Project("{8BC9CEB8-8B4A-11D0-8D11-00A0C91BC942}") = "all542", "all542\all542.vcxproj", "{C885F8AD-2857-4F66-8142-DA840CFFF0C8}"
EndProject
Global
	GlobalSection(SolutionConfigurationPlatforms) = preSolution
		Debug|x64 = Debug|x64
		Debug|x86 = Debug|x86
		Release|x64 = Release|x64
		Release|x86 = Release|x86
	EndGlobalSection
	GlobalSection(ProjectConfigurationPlatforms) = postSolution
		{C885F8AD-2857-4F66-8142-DA840CFFF0C8}.Debug|x64.ActiveCfg = Debug|x64
		{C885F8AD-2857-4F66-8142-DA840CFFF0C8}.Debug|x64.Build.0 = Debug|x64
		{C885F8AD-2857-4F66-8142-DA840CFFF0C8}.Debug|x86.ActiveCfg = Debug|Win32
		{C885F8AD-2857-4F66-8142-DA840CFFF0C8}.Debug|x86.Build.0 = Debug|Win32
		{C885F8AD-2857-4F66-8142-DA840CFFF0C8}.Release|x64.ActiveCfg = Release|x64
		{C885F8AD-2857-4F66-8142-DA840CFFF0C8}.Release|x64.Build.0 = Release|x64
		{C885F8AD-2857-4F66-8142-DA840CFFF0C8}.Release|x86.ActiveCfg = Release|Win32
		{C885F8AD-2857-4F66-8142-DA840CFFF0C8}.Release|x86.Build.0 = Release|Win32
	EndGlobalSection
	GlobalSection(SolutionProperties) = preSolution
		HideSolutionNode = FALSE
	EndGlobalSection
	GlobalSection(ExtensibilityGlobals) = postSolution
		SolutionGuid = {4B2259C6-1932-4ADD-B4BD-125BC4DE7814}
	EndGlobalSection
EndGlobal
