
Microsoft Visual Studio Solution File, Format Version 12.00
# Visual Studio Version 16
VisualStudioVersion = 16.0.29613.14
MinimumVisualStudioVersion = 10.0.40219.1
Project("{8BC9CEB8-8B4A-11D0-8D11-00A0C91BC942}") = "all865", "all865\all865.vcxproj", "{CABFCE06-4CB5-4A85-ACE7-CF1E1EB22D4A}"
EndProject
Global
	GlobalSection(SolutionConfigurationPlatforms) = preSolution
		Debug|x64 = Debug|x64
		Debug|x86 = Debug|x86
		Release|x64 = Release|x64
		Release|x86 = Release|x86
	EndGlobalSection
	GlobalSection(ProjectConfigurationPlatforms) = postSolution
		{CABFCE06-4CB5-4A85-ACE7-CF1E1EB22D4A}.Debug|x64.ActiveCfg = Debug|x64
		{CABFCE06-4CB5-4A85-ACE7-CF1E1EB22D4A}.Debug|x64.Build.0 = Debug|x64
		{CABFCE06-4CB5-4A85-ACE7-CF1E1EB22D4A}.Debug|x86.ActiveCfg = Debug|Win32
		{CABFCE06-4CB5-4A85-ACE7-CF1E1EB22D4A}.Debug|x86.Build.0 = Debug|Win32
		{CABFCE06-4CB5-4A85-ACE7-CF1E1EB22D4A}.Release|x64.ActiveCfg = Release|x64
		{CABFCE06-4CB5-4A85-ACE7-CF1E1EB22D4A}.Release|x64.Build.0 = Release|x64
		{CABFCE06-4CB5-4A85-ACE7-CF1E1EB22D4A}.Release|x86.ActiveCfg = Release|Win32
		{CABFCE06-4CB5-4A85-ACE7-CF1E1EB22D4A}.Release|x86.Build.0 = Release|Win32
	EndGlobalSection
	GlobalSection(SolutionProperties) = preSolution
		HideSolutionNode = FALSE
	EndGlobalSection
	GlobalSection(ExtensibilityGlobals) = postSolution
		SolutionGuid = {1963E22B-92E5-4BEF-B73B-5F8645BB580A}
	EndGlobalSection
EndGlobal
