
Microsoft Visual Studio Solution File, Format Version 12.00
# Visual Studio Version 16
VisualStudioVersion = 16.0.29613.14
MinimumVisualStudioVersion = 10.0.40219.1
Project("{8BC9CEB8-8B4A-11D0-8D11-00A0C91BC942}") = "hot22", "hot22\hot22.vcxproj", "{681A7B99-3DBD-457E-A7BE-9108C222C5B5}"
EndProject
Global
	GlobalSection(SolutionConfigurationPlatforms) = preSolution
		Debug|x64 = Debug|x64
		Debug|x86 = Debug|x86
		Release|x64 = Release|x64
		Release|x86 = Release|x86
	EndGlobalSection
	GlobalSection(ProjectConfigurationPlatforms) = postSolution
		{681A7B99-3DBD-457E-A7BE-9108C222C5B5}.Debug|x64.ActiveCfg = Debug|x64
		{681A7B99-3DBD-457E-A7BE-9108C222C5B5}.Debug|x64.Build.0 = Debug|x64
		{681A7B99-3DBD-457E-A7BE-9108C222C5B5}.Debug|x86.ActiveCfg = Debug|Win32
		{681A7B99-3DBD-457E-A7BE-9108C222C5B5}.Debug|x86.Build.0 = Debug|Win32
		{681A7B99-3DBD-457E-A7BE-9108C222C5B5}.Release|x64.ActiveCfg = Release|x64
		{681A7B99-3DBD-457E-A7BE-9108C222C5B5}.Release|x64.Build.0 = Release|x64
		{681A7B99-3DBD-457E-A7BE-9108C222C5B5}.Release|x86.ActiveCfg = Release|Win32
		{681A7B99-3DBD-457E-A7BE-9108C222C5B5}.Release|x86.Build.0 = Release|Win32
	EndGlobalSection
	GlobalSection(SolutionProperties) = preSolution
		HideSolutionNode = FALSE
	EndGlobalSection
	GlobalSection(ExtensibilityGlobals) = postSolution
		SolutionGuid = {829093F8-B73F-445D-A40A-9684AF23ADAD}
	EndGlobalSection
EndGlobal
