
Microsoft Visual Studio Solution File, Format Version 12.00
# Visual Studio Version 16
VisualStudioVersion = 16.0.29613.14
MinimumVisualStudioVersion = 10.0.40219.1
Project("{8BC9CEB8-8B4A-11D0-8D11-00A0C91BC942}") = "all1514", "all1514\all1514.vcxproj", "{DE1B0B6B-F821-4AF9-9CE8-3C6E4C913AA9}"
EndProject
Global
	GlobalSection(SolutionConfigurationPlatforms) = preSolution
		Debug|x64 = Debug|x64
		Debug|x86 = Debug|x86
		Release|x64 = Release|x64
		Release|x86 = Release|x86
	EndGlobalSection
	GlobalSection(ProjectConfigurationPlatforms) = postSolution
		{DE1B0B6B-F821-4AF9-9CE8-3C6E4C913AA9}.Debug|x64.ActiveCfg = Debug|x64
		{DE1B0B6B-F821-4AF9-9CE8-3C6E4C913AA9}.Debug|x64.Build.0 = Debug|x64
		{DE1B0B6B-F821-4AF9-9CE8-3C6E4C913AA9}.Debug|x86.ActiveCfg = Debug|Win32
		{DE1B0B6B-F821-4AF9-9CE8-3C6E4C913AA9}.Debug|x86.Build.0 = Debug|Win32
		{DE1B0B6B-F821-4AF9-9CE8-3C6E4C913AA9}.Release|x64.ActiveCfg = Release|x64
		{DE1B0B6B-F821-4AF9-9CE8-3C6E4C913AA9}.Release|x64.Build.0 = Release|x64
		{DE1B0B6B-F821-4AF9-9CE8-3C6E4C913AA9}.Release|x86.ActiveCfg = Release|Win32
		{DE1B0B6B-F821-4AF9-9CE8-3C6E4C913AA9}.Release|x86.Build.0 = Release|Win32
	EndGlobalSection
	GlobalSection(SolutionProperties) = preSolution
		HideSolutionNode = FALSE
	EndGlobalSection
	GlobalSection(ExtensibilityGlobals) = postSolution
		SolutionGuid = {75AA05B3-799D-4653-8E11-2A395B9B204B}
	EndGlobalSection
EndGlobal
