
Microsoft Visual Studio Solution File, Format Version 12.00
# Visual Studio Version 16
VisualStudioVersion = 16.0.29613.14
MinimumVisualStudioVersion = 10.0.40219.1
Project("{8BC9CEB8-8B4A-11D0-8D11-00A0C91BC942}") = "all108", "all108\all108.vcxproj", "{90623610-1AED-415F-B371-0BAA2F449190}"
EndProject
Global
	GlobalSection(SolutionConfigurationPlatforms) = preSolution
		Debug|x64 = Debug|x64
		Debug|x86 = Debug|x86
		Release|x64 = Release|x64
		Release|x86 = Release|x86
	EndGlobalSection
	GlobalSection(ProjectConfigurationPlatforms) = postSolution
		{90623610-1AED-415F-B371-0BAA2F449190}.Debug|x64.ActiveCfg = Debug|x64
		{90623610-1AED-415F-B371-0BAA2F449190}.Debug|x64.Build.0 = Debug|x64
		{90623610-1AED-415F-B371-0BAA2F449190}.Debug|x86.ActiveCfg = Debug|Win32
		{90623610-1AED-415F-B371-0BAA2F449190}.Debug|x86.Build.0 = Debug|Win32
		{90623610-1AED-415F-B371-0BAA2F449190}.Release|x64.ActiveCfg = Release|x64
		{90623610-1AED-415F-B371-0BAA2F449190}.Release|x64.Build.0 = Release|x64
		{90623610-1AED-415F-B371-0BAA2F449190}.Release|x86.ActiveCfg = Release|Win32
		{90623610-1AED-415F-B371-0BAA2F449190}.Release|x86.Build.0 = Release|Win32
	EndGlobalSection
	GlobalSection(SolutionProperties) = preSolution
		HideSolutionNode = FALSE
	EndGlobalSection
	GlobalSection(ExtensibilityGlobals) = postSolution
		SolutionGuid = {492A9427-7360-46E1-A447-8660BDE19A89}
	EndGlobalSection
EndGlobal
