
Microsoft Visual Studio Solution File, Format Version 12.00
# Visual Studio Version 16
VisualStudioVersion = 16.0.29613.14
MinimumVisualStudioVersion = 10.0.40219.1
Project("{8BC9CEB8-8B4A-11D0-8D11-00A0C91BC942}") = "all1518", "all1518\all1518.vcxproj", "{DE3206C7-FACF-4AC6-9A5D-1AE7AE32587C}"
EndProject
Global
	GlobalSection(SolutionConfigurationPlatforms) = preSolution
		Debug|x64 = Debug|x64
		Debug|x86 = Debug|x86
		Release|x64 = Release|x64
		Release|x86 = Release|x86
	EndGlobalSection
	GlobalSection(ProjectConfigurationPlatforms) = postSolution
		{DE3206C7-FACF-4AC6-9A5D-1AE7AE32587C}.Debug|x64.ActiveCfg = Debug|x64
		{DE3206C7-FACF-4AC6-9A5D-1AE7AE32587C}.Debug|x64.Build.0 = Debug|x64
		{DE3206C7-FACF-4AC6-9A5D-1AE7AE32587C}.Debug|x86.ActiveCfg = Debug|Win32
		{DE3206C7-FACF-4AC6-9A5D-1AE7AE32587C}.Debug|x86.Build.0 = Debug|Win32
		{DE3206C7-FACF-4AC6-9A5D-1AE7AE32587C}.Release|x64.ActiveCfg = Release|x64
		{DE3206C7-FACF-4AC6-9A5D-1AE7AE32587C}.Release|x64.Build.0 = Release|x64
		{DE3206C7-FACF-4AC6-9A5D-1AE7AE32587C}.Release|x86.ActiveCfg = Release|Win32
		{DE3206C7-FACF-4AC6-9A5D-1AE7AE32587C}.Release|x86.Build.0 = Release|Win32
	EndGlobalSection
	GlobalSection(SolutionProperties) = preSolution
		HideSolutionNode = FALSE
	EndGlobalSection
	GlobalSection(ExtensibilityGlobals) = postSolution
		SolutionGuid = {EF48D156-1BBC-40F3-BE69-AB3781441728}
	EndGlobalSection
EndGlobal
