
Microsoft Visual Studio Solution File, Format Version 12.00
# Visual Studio Version 16
VisualStudioVersion = 16.0.29613.14
MinimumVisualStudioVersion = 10.0.40219.1
Project("{8BC9CEB8-8B4A-11D0-8D11-00A0C91BC942}") = "hot79", "hot79\hot79.vcxproj", "{9254178A-69DC-4F07-9D47-24C0D7649B07}"
EndProject
Global
	GlobalSection(SolutionConfigurationPlatforms) = preSolution
		Debug|x64 = Debug|x64
		Debug|x86 = Debug|x86
		Release|x64 = Release|x64
		Release|x86 = Release|x86
	EndGlobalSection
	GlobalSection(ProjectConfigurationPlatforms) = postSolution
		{9254178A-69DC-4F07-9D47-24C0D7649B07}.Debug|x64.ActiveCfg = Debug|x64
		{9254178A-69DC-4F07-9D47-24C0D7649B07}.Debug|x64.Build.0 = Debug|x64
		{9254178A-69DC-4F07-9D47-24C0D7649B07}.Debug|x86.ActiveCfg = Debug|Win32
		{9254178A-69DC-4F07-9D47-24C0D7649B07}.Debug|x86.Build.0 = Debug|Win32
		{9254178A-69DC-4F07-9D47-24C0D7649B07}.Release|x64.ActiveCfg = Release|x64
		{9254178A-69DC-4F07-9D47-24C0D7649B07}.Release|x64.Build.0 = Release|x64
		{9254178A-69DC-4F07-9D47-24C0D7649B07}.Release|x86.ActiveCfg = Release|Win32
		{9254178A-69DC-4F07-9D47-24C0D7649B07}.Release|x86.Build.0 = Release|Win32
	EndGlobalSection
	GlobalSection(SolutionProperties) = preSolution
		HideSolutionNode = FALSE
	EndGlobalSection
	GlobalSection(ExtensibilityGlobals) = postSolution
		SolutionGuid = {9C44B225-3F59-4C51-B90B-B422C0A468C7}
	EndGlobalSection
EndGlobal
