
Microsoft Visual Studio Solution File, Format Version 12.00
# Visual Studio Version 16
VisualStudioVersion = 16.0.29613.14
MinimumVisualStudioVersion = 10.0.40219.1
Project("{8BC9CEB8-8B4A-11D0-8D11-00A0C91BC942}") = "all44", "all44\all44.vcxproj", "{285DD6F3-D6C9-43A5-874A-917AD4BFBD08}"
EndProject
Global
	GlobalSection(SolutionConfigurationPlatforms) = preSolution
		Debug|x64 = Debug|x64
		Debug|x86 = Debug|x86
		Release|x64 = Release|x64
		Release|x86 = Release|x86
	EndGlobalSection
	GlobalSection(ProjectConfigurationPlatforms) = postSolution
		{285DD6F3-D6C9-43A5-874A-917AD4BFBD08}.Debug|x64.ActiveCfg = Debug|x64
		{285DD6F3-D6C9-43A5-874A-917AD4BFBD08}.Debug|x64.Build.0 = Debug|x64
		{285DD6F3-D6C9-43A5-874A-917AD4BFBD08}.Debug|x86.ActiveCfg = Debug|Win32
		{285DD6F3-D6C9-43A5-874A-917AD4BFBD08}.Debug|x86.Build.0 = Debug|Win32
		{285DD6F3-D6C9-43A5-874A-917AD4BFBD08}.Release|x64.ActiveCfg = Release|x64
		{285DD6F3-D6C9-43A5-874A-917AD4BFBD08}.Release|x64.Build.0 = Release|x64
		{285DD6F3-D6C9-43A5-874A-917AD4BFBD08}.Release|x86.ActiveCfg = Release|Win32
		{285DD6F3-D6C9-43A5-874A-917AD4BFBD08}.Release|x86.Build.0 = Release|Win32
	EndGlobalSection
	GlobalSection(SolutionProperties) = preSolution
		HideSolutionNode = FALSE
	EndGlobalSection
	GlobalSection(ExtensibilityGlobals) = postSolution
		SolutionGuid = {0CF54879-31B8-4D25-91B7-3E4D00ADD3BA}
	EndGlobalSection
EndGlobal
