
Microsoft Visual Studio Solution File, Format Version 12.00
# Visual Studio Version 16
VisualStudioVersion = 16.0.29613.14
MinimumVisualStudioVersion = 10.0.40219.1
Project("{8BC9CEB8-8B4A-11D0-8D11-00A0C91BC942}") = "all955", "all955\all955.vcxproj", "{57AAFD43-CD99-4AC1-B047-D00C8AA5E264}"
EndProject
Global
	GlobalSection(SolutionConfigurationPlatforms) = preSolution
		Debug|x64 = Debug|x64
		Debug|x86 = Debug|x86
		Release|x64 = Release|x64
		Release|x86 = Release|x86
	EndGlobalSection
	GlobalSection(ProjectConfigurationPlatforms) = postSolution
		{57AAFD43-CD99-4AC1-B047-D00C8AA5E264}.Debug|x64.ActiveCfg = Debug|x64
		{57AAFD43-CD99-4AC1-B047-D00C8AA5E264}.Debug|x64.Build.0 = Debug|x64
		{57AAFD43-CD99-4AC1-B047-D00C8AA5E264}.Debug|x86.ActiveCfg = Debug|Win32
		{57AAFD43-CD99-4AC1-B047-D00C8AA5E264}.Debug|x86.Build.0 = Debug|Win32
		{57AAFD43-CD99-4AC1-B047-D00C8AA5E264}.Release|x64.ActiveCfg = Release|x64
		{57AAFD43-CD99-4AC1-B047-D00C8AA5E264}.Release|x64.Build.0 = Release|x64
		{57AAFD43-CD99-4AC1-B047-D00C8AA5E264}.Release|x86.ActiveCfg = Release|Win32
		{57AAFD43-CD99-4AC1-B047-D00C8AA5E264}.Release|x86.Build.0 = Release|Win32
	EndGlobalSection
	GlobalSection(SolutionProperties) = preSolution
		HideSolutionNode = FALSE
	EndGlobalSection
	GlobalSection(ExtensibilityGlobals) = postSolution
		SolutionGuid = {C92C8F72-74AB-496F-B595-7FE34446FC9A}
	EndGlobalSection
EndGlobal
