
Microsoft Visual Studio Solution File, Format Version 12.00
# Visual Studio Version 16
VisualStudioVersion = 16.0.29613.14
MinimumVisualStudioVersion = 10.0.40219.1
Project("{8BC9CEB8-8B4A-11D0-8D11-00A0C91BC942}") = "all257", "all257\all257.vcxproj", "{E117A148-D0E3-4EAC-ABB8-45F5CA18F2C9}"
EndProject
Global
	GlobalSection(SolutionConfigurationPlatforms) = preSolution
		Debug|x64 = Debug|x64
		Debug|x86 = Debug|x86
		Release|x64 = Release|x64
		Release|x86 = Release|x86
	EndGlobalSection
	GlobalSection(ProjectConfigurationPlatforms) = postSolution
		{E117A148-D0E3-4EAC-ABB8-45F5CA18F2C9}.Debug|x64.ActiveCfg = Debug|x64
		{E117A148-D0E3-4EAC-ABB8-45F5CA18F2C9}.Debug|x64.Build.0 = Debug|x64
		{E117A148-D0E3-4EAC-ABB8-45F5CA18F2C9}.Debug|x86.ActiveCfg = Debug|Win32
		{E117A148-D0E3-4EAC-ABB8-45F5CA18F2C9}.Debug|x86.Build.0 = Debug|Win32
		{E117A148-D0E3-4EAC-ABB8-45F5CA18F2C9}.Release|x64.ActiveCfg = Release|x64
		{E117A148-D0E3-4EAC-ABB8-45F5CA18F2C9}.Release|x64.Build.0 = Release|x64
		{E117A148-D0E3-4EAC-ABB8-45F5CA18F2C9}.Release|x86.ActiveCfg = Release|Win32
		{E117A148-D0E3-4EAC-ABB8-45F5CA18F2C9}.Release|x86.Build.0 = Release|Win32
	EndGlobalSection
	GlobalSection(SolutionProperties) = preSolution
		HideSolutionNode = FALSE
	EndGlobalSection
	GlobalSection(ExtensibilityGlobals) = postSolution
		SolutionGuid = {F3BD04B9-D618-4B41-9FD4-FA2A8503C159}
	EndGlobalSection
EndGlobal
