
Microsoft Visual Studio Solution File, Format Version 12.00
# Visual Studio Version 16
VisualStudioVersion = 16.0.29613.14
MinimumVisualStudioVersion = 10.0.40219.1
Project("{8BC9CEB8-8B4A-11D0-8D11-00A0C91BC942}") = "hot45", "hot45\hot45.vcxproj", "{310FA0CA-6647-4C3F-AA78-686C3A4C6E7A}"
EndProject
Global
	GlobalSection(SolutionConfigurationPlatforms) = preSolution
		Debug|x64 = Debug|x64
		Debug|x86 = Debug|x86
		Release|x64 = Release|x64
		Release|x86 = Release|x86
	EndGlobalSection
	GlobalSection(ProjectConfigurationPlatforms) = postSolution
		{310FA0CA-6647-4C3F-AA78-686C3A4C6E7A}.Debug|x64.ActiveCfg = Debug|x64
		{310FA0CA-6647-4C3F-AA78-686C3A4C6E7A}.Debug|x64.Build.0 = Debug|x64
		{310FA0CA-6647-4C3F-AA78-686C3A4C6E7A}.Debug|x86.ActiveCfg = Debug|Win32
		{310FA0CA-6647-4C3F-AA78-686C3A4C6E7A}.Debug|x86.Build.0 = Debug|Win32
		{310FA0CA-6647-4C3F-AA78-686C3A4C6E7A}.Release|x64.ActiveCfg = Release|x64
		{310FA0CA-6647-4C3F-AA78-686C3A4C6E7A}.Release|x64.Build.0 = Release|x64
		{310FA0CA-6647-4C3F-AA78-686C3A4C6E7A}.Release|x86.ActiveCfg = Release|Win32
		{310FA0CA-6647-4C3F-AA78-686C3A4C6E7A}.Release|x86.Build.0 = Release|Win32
	EndGlobalSection
	GlobalSection(SolutionProperties) = preSolution
		HideSolutionNode = FALSE
	EndGlobalSection
	GlobalSection(ExtensibilityGlobals) = postSolution
		SolutionGuid = {ADEE07C4-0B98-42B0-961B-CA53AB0C10CB}
	EndGlobalSection
EndGlobal
