
Microsoft Visual Studio Solution File, Format Version 12.00
# Visual Studio Version 16
VisualStudioVersion = 16.0.29613.14
MinimumVisualStudioVersion = 10.0.40219.1
Project("{8BC9CEB8-8B4A-11D0-8D11-00A0C91BC942}") = "all1537", "all1537\all1537.vcxproj", "{ED9A5198-5D44-45A5-AE63-515E9A3B536E}"
EndProject
Global
	GlobalSection(SolutionConfigurationPlatforms) = preSolution
		Debug|x64 = Debug|x64
		Debug|x86 = Debug|x86
		Release|x64 = Release|x64
		Release|x86 = Release|x86
	EndGlobalSection
	GlobalSection(ProjectConfigurationPlatforms) = postSolution
		{ED9A5198-5D44-45A5-AE63-515E9A3B536E}.Debug|x64.ActiveCfg = Debug|x64
		{ED9A5198-5D44-45A5-AE63-515E9A3B536E}.Debug|x64.Build.0 = Debug|x64
		{ED9A5198-5D44-45A5-AE63-515E9A3B536E}.Debug|x86.ActiveCfg = Debug|Win32
		{ED9A5198-5D44-45A5-AE63-515E9A3B536E}.Debug|x86.Build.0 = Debug|Win32
		{ED9A5198-5D44-45A5-AE63-515E9A3B536E}.Release|x64.ActiveCfg = Release|x64
		{ED9A5198-5D44-45A5-AE63-515E9A3B536E}.Release|x64.Build.0 = Release|x64
		{ED9A5198-5D44-45A5-AE63-515E9A3B536E}.Release|x86.ActiveCfg = Release|Win32
		{ED9A5198-5D44-45A5-AE63-515E9A3B536E}.Release|x86.Build.0 = Release|Win32
	EndGlobalSection
	GlobalSection(SolutionProperties) = preSolution
		HideSolutionNode = FALSE
	EndGlobalSection
	GlobalSection(ExtensibilityGlobals) = postSolution
		SolutionGuid = {F4334EEC-9D3E-4EB7-B3B8-0FEE45828D5C}
	EndGlobalSection
EndGlobal
