
Microsoft Visual Studio Solution File, Format Version 12.00
# Visual Studio Version 16
VisualStudioVersion = 16.0.29613.14
MinimumVisualStudioVersion = 10.0.40219.1
Project("{8BC9CEB8-8B4A-11D0-8D11-00A0C91BC942}") = "all688", "all688\all688.vcxproj", "{41D4F6A0-D7DA-44BE-AF24-BFE9C575FAB9}"
EndProject
Global
	GlobalSection(SolutionConfigurationPlatforms) = preSolution
		Debug|x64 = Debug|x64
		Debug|x86 = Debug|x86
		Release|x64 = Release|x64
		Release|x86 = Release|x86
	EndGlobalSection
	GlobalSection(ProjectConfigurationPlatforms) = postSolution
		{41D4F6A0-D7DA-44BE-AF24-BFE9C575FAB9}.Debug|x64.ActiveCfg = Debug|x64
		{41D4F6A0-D7DA-44BE-AF24-BFE9C575FAB9}.Debug|x64.Build.0 = Debug|x64
		{41D4F6A0-D7DA-44BE-AF24-BFE9C575FAB9}.Debug|x86.ActiveCfg = Debug|Win32
		{41D4F6A0-D7DA-44BE-AF24-BFE9C575FAB9}.Debug|x86.Build.0 = Debug|Win32
		{41D4F6A0-D7DA-44BE-AF24-BFE9C575FAB9}.Release|x64.ActiveCfg = Release|x64
		{41D4F6A0-D7DA-44BE-AF24-BFE9C575FAB9}.Release|x64.Build.0 = Release|x64
		{41D4F6A0-D7DA-44BE-AF24-BFE9C575FAB9}.Release|x86.ActiveCfg = Release|Win32
		{41D4F6A0-D7DA-44BE-AF24-BFE9C575FAB9}.Release|x86.Build.0 = Release|Win32
	EndGlobalSection
	GlobalSection(SolutionProperties) = preSolution
		HideSolutionNode = FALSE
	EndGlobalSection
	GlobalSection(ExtensibilityGlobals) = postSolution
		SolutionGuid = {E00BD4CB-0C0E-4438-9A2B-DC5B44A31A36}
	EndGlobalSection
EndGlobal
