
Microsoft Visual Studio Solution File, Format Version 12.00
# Visual Studio Version 16
VisualStudioVersion = 16.0.29613.14
MinimumVisualStudioVersion = 10.0.40219.1
Project("{8BC9CEB8-8B4A-11D0-8D11-00A0C91BC942}") = "all89", "all89\all89.vcxproj", "{BF8685CE-7131-49B1-9ADA-96CC8E916370}"
EndProject
Global
	GlobalSection(SolutionConfigurationPlatforms) = preSolution
		Debug|x64 = Debug|x64
		Debug|x86 = Debug|x86
		Release|x64 = Release|x64
		Release|x86 = Release|x86
	EndGlobalSection
	GlobalSection(ProjectConfigurationPlatforms) = postSolution
		{BF8685CE-7131-49B1-9ADA-96CC8E916370}.Debug|x64.ActiveCfg = Debug|x64
		{BF8685CE-7131-49B1-9ADA-96CC8E916370}.Debug|x64.Build.0 = Debug|x64
		{BF8685CE-7131-49B1-9ADA-96CC8E916370}.Debug|x86.ActiveCfg = Debug|Win32
		{BF8685CE-7131-49B1-9ADA-96CC8E916370}.Debug|x86.Build.0 = Debug|Win32
		{BF8685CE-7131-49B1-9ADA-96CC8E916370}.Release|x64.ActiveCfg = Release|x64
		{BF8685CE-7131-49B1-9ADA-96CC8E916370}.Release|x64.Build.0 = Release|x64
		{BF8685CE-7131-49B1-9ADA-96CC8E916370}.Release|x86.ActiveCfg = Release|Win32
		{BF8685CE-7131-49B1-9ADA-96CC8E916370}.Release|x86.Build.0 = Release|Win32
	EndGlobalSection
	GlobalSection(SolutionProperties) = preSolution
		HideSolutionNode = FALSE
	EndGlobalSection
	GlobalSection(ExtensibilityGlobals) = postSolution
		SolutionGuid = {0D768799-8F7F-4789-8B88-AFCFCDD38192}
	EndGlobalSection
EndGlobal
