
Microsoft Visual Studio Solution File, Format Version 12.00
# Visual Studio Version 16
VisualStudioVersion = 16.0.29613.14
MinimumVisualStudioVersion = 10.0.40219.1
Project("{8BC9CEB8-8B4A-11D0-8D11-00A0C91BC942}") = "all1544", "all1544\all1544.vcxproj", "{C54CD969-3CB3-4965-AD04-95F9D23485D1}"
EndProject
Global
	GlobalSection(SolutionConfigurationPlatforms) = preSolution
		Debug|x64 = Debug|x64
		Debug|x86 = Debug|x86
		Release|x64 = Release|x64
		Release|x86 = Release|x86
	EndGlobalSection
	GlobalSection(ProjectConfigurationPlatforms) = postSolution
		{C54CD969-3CB3-4965-AD04-95F9D23485D1}.Debug|x64.ActiveCfg = Debug|x64
		{C54CD969-3CB3-4965-AD04-95F9D23485D1}.Debug|x64.Build.0 = Debug|x64
		{C54CD969-3CB3-4965-AD04-95F9D23485D1}.Debug|x86.ActiveCfg = Debug|Win32
		{C54CD969-3CB3-4965-AD04-95F9D23485D1}.Debug|x86.Build.0 = Debug|Win32
		{C54CD969-3CB3-4965-AD04-95F9D23485D1}.Release|x64.ActiveCfg = Release|x64
		{C54CD969-3CB3-4965-AD04-95F9D23485D1}.Release|x64.Build.0 = Release|x64
		{C54CD969-3CB3-4965-AD04-95F9D23485D1}.Release|x86.ActiveCfg = Release|Win32
		{C54CD969-3CB3-4965-AD04-95F9D23485D1}.Release|x86.Build.0 = Release|Win32
	EndGlobalSection
	GlobalSection(SolutionProperties) = preSolution
		HideSolutionNode = FALSE
	EndGlobalSection
	GlobalSection(ExtensibilityGlobals) = postSolution
		SolutionGuid = {4EEC20A5-03F9-4862-AE7C-4C788BF4D0DD}
	EndGlobalSection
EndGlobal
