
Microsoft Visual Studio Solution File, Format Version 12.00
# Visual Studio Version 16
VisualStudioVersion = 16.0.29613.14
MinimumVisualStudioVersion = 10.0.40219.1
Project("{8BC9CEB8-8B4A-11D0-8D11-00A0C91BC942}") = "all529", "all529\all529.vcxproj", "{F2A5BAC1-5A1E-4069-8A3D-BCBE5252D32E}"
EndProject
Global
	GlobalSection(SolutionConfigurationPlatforms) = preSolution
		Debug|x64 = Debug|x64
		Debug|x86 = Debug|x86
		Release|x64 = Release|x64
		Release|x86 = Release|x86
	EndGlobalSection
	GlobalSection(ProjectConfigurationPlatforms) = postSolution
		{F2A5BAC1-5A1E-4069-8A3D-BCBE5252D32E}.Debug|x64.ActiveCfg = Debug|x64
		{F2A5BAC1-5A1E-4069-8A3D-BCBE5252D32E}.Debug|x64.Build.0 = Debug|x64
		{F2A5BAC1-5A1E-4069-8A3D-BCBE5252D32E}.Debug|x86.ActiveCfg = Debug|Win32
		{F2A5BAC1-5A1E-4069-8A3D-BCBE5252D32E}.Debug|x86.Build.0 = Debug|Win32
		{F2A5BAC1-5A1E-4069-8A3D-BCBE5252D32E}.Release|x64.ActiveCfg = Release|x64
		{F2A5BAC1-5A1E-4069-8A3D-BCBE5252D32E}.Release|x64.Build.0 = Release|x64
		{F2A5BAC1-5A1E-4069-8A3D-BCBE5252D32E}.Release|x86.ActiveCfg = Release|Win32
		{F2A5BAC1-5A1E-4069-8A3D-BCBE5252D32E}.Release|x86.Build.0 = Release|Win32
	EndGlobalSection
	GlobalSection(SolutionProperties) = preSolution
		HideSolutionNode = FALSE
	EndGlobalSection
	GlobalSection(ExtensibilityGlobals) = postSolution
		SolutionGuid = {2E355AFE-8C0E-4FF1-B109-A8DC575DCD6F}
	EndGlobalSection
EndGlobal
