
Microsoft Visual Studio Solution File, Format Version 12.00
# Visual Studio Version 16
VisualStudioVersion = 16.0.29613.14
MinimumVisualStudioVersion = 10.0.40219.1
Project("{8BC9CEB8-8B4A-11D0-8D11-00A0C91BC942}") = "all778", "all778\all778.vcxproj", "{E2EB9B96-C1FD-49D4-B6AB-FFED7949C054}"
EndProject
Global
	GlobalSection(SolutionConfigurationPlatforms) = preSolution
		Debug|x64 = Debug|x64
		Debug|x86 = Debug|x86
		Release|x64 = Release|x64
		Release|x86 = Release|x86
	EndGlobalSection
	GlobalSection(ProjectConfigurationPlatforms) = postSolution
		{E2EB9B96-C1FD-49D4-B6AB-FFED7949C054}.Debug|x64.ActiveCfg = Debug|x64
		{E2EB9B96-C1FD-49D4-B6AB-FFED7949C054}.Debug|x64.Build.0 = Debug|x64
		{E2EB9B96-C1FD-49D4-B6AB-FFED7949C054}.Debug|x86.ActiveCfg = Debug|Win32
		{E2EB9B96-C1FD-49D4-B6AB-FFED7949C054}.Debug|x86.Build.0 = Debug|Win32
		{E2EB9B96-C1FD-49D4-B6AB-FFED7949C054}.Release|x64.ActiveCfg = Release|x64
		{E2EB9B96-C1FD-49D4-B6AB-FFED7949C054}.Release|x64.Build.0 = Release|x64
		{E2EB9B96-C1FD-49D4-B6AB-FFED7949C054}.Release|x86.ActiveCfg = Release|Win32
		{E2EB9B96-C1FD-49D4-B6AB-FFED7949C054}.Release|x86.Build.0 = Release|Win32
	EndGlobalSection
	GlobalSection(SolutionProperties) = preSolution
		HideSolutionNode = FALSE
	EndGlobalSection
	GlobalSection(ExtensibilityGlobals) = postSolution
		SolutionGuid = {FCAC37F0-0258-44BC-AA73-EE79261B2D3B}
	EndGlobalSection
EndGlobal
