
Microsoft Visual Studio Solution File, Format Version 12.00
# Visual Studio Version 16
VisualStudioVersion = 16.0.29613.14
MinimumVisualStudioVersion = 10.0.40219.1
Project("{8BC9CEB8-8B4A-11D0-8D11-00A0C91BC942}") = "hot24", "hot24\hot24.vcxproj", "{634069AA-F815-42B5-BAA3-B0A06FB26065}"
EndProject
Global
	GlobalSection(SolutionConfigurationPlatforms) = preSolution
		Debug|x64 = Debug|x64
		Debug|x86 = Debug|x86
		Release|x64 = Release|x64
		Release|x86 = Release|x86
	EndGlobalSection
	GlobalSection(ProjectConfigurationPlatforms) = postSolution
		{634069AA-F815-42B5-BAA3-B0A06FB26065}.Debug|x64.ActiveCfg = Debug|x64
		{634069AA-F815-42B5-BAA3-B0A06FB26065}.Debug|x64.Build.0 = Debug|x64
		{634069AA-F815-42B5-BAA3-B0A06FB26065}.Debug|x86.ActiveCfg = Debug|Win32
		{634069AA-F815-42B5-BAA3-B0A06FB26065}.Debug|x86.Build.0 = Debug|Win32
		{634069AA-F815-42B5-BAA3-B0A06FB26065}.Release|x64.ActiveCfg = Release|x64
		{634069AA-F815-42B5-BAA3-B0A06FB26065}.Release|x64.Build.0 = Release|x64
		{634069AA-F815-42B5-BAA3-B0A06FB26065}.Release|x86.ActiveCfg = Release|Win32
		{634069AA-F815-42B5-BAA3-B0A06FB26065}.Release|x86.Build.0 = Release|Win32
	EndGlobalSection
	GlobalSection(SolutionProperties) = preSolution
		HideSolutionNode = FALSE
	EndGlobalSection
	GlobalSection(ExtensibilityGlobals) = postSolution
		SolutionGuid = {53733C82-4566-44C4-B83D-D797EC137090}
	EndGlobalSection
EndGlobal
