
Microsoft Visual Studio Solution File, Format Version 12.00
# Visual Studio Version 16
VisualStudioVersion = 16.0.29613.14
MinimumVisualStudioVersion = 10.0.40219.1
Project("{8BC9CEB8-8B4A-11D0-8D11-00A0C91BC942}") = "all230", "all230\all230.vcxproj", "{8C04E02F-76A8-42BB-B567-22A21EE65485}"
EndProject
Global
	GlobalSection(SolutionConfigurationPlatforms) = preSolution
		Debug|x64 = Debug|x64
		Debug|x86 = Debug|x86
		Release|x64 = Release|x64
		Release|x86 = Release|x86
	EndGlobalSection
	GlobalSection(ProjectConfigurationPlatforms) = postSolution
		{8C04E02F-76A8-42BB-B567-22A21EE65485}.Debug|x64.ActiveCfg = Debug|x64
		{8C04E02F-76A8-42BB-B567-22A21EE65485}.Debug|x64.Build.0 = Debug|x64
		{8C04E02F-76A8-42BB-B567-22A21EE65485}.Debug|x86.ActiveCfg = Debug|Win32
		{8C04E02F-76A8-42BB-B567-22A21EE65485}.Debug|x86.Build.0 = Debug|Win32
		{8C04E02F-76A8-42BB-B567-22A21EE65485}.Release|x64.ActiveCfg = Release|x64
		{8C04E02F-76A8-42BB-B567-22A21EE65485}.Release|x64.Build.0 = Release|x64
		{8C04E02F-76A8-42BB-B567-22A21EE65485}.Release|x86.ActiveCfg = Release|Win32
		{8C04E02F-76A8-42BB-B567-22A21EE65485}.Release|x86.Build.0 = Release|Win32
	EndGlobalSection
	GlobalSection(SolutionProperties) = preSolution
		HideSolutionNode = FALSE
	EndGlobalSection
	GlobalSection(ExtensibilityGlobals) = postSolution
		SolutionGuid = {02A1CCB1-FC56-417A-BA6B-672B3B7C3DBE}
	EndGlobalSection
EndGlobal
