
Microsoft Visual Studio Solution File, Format Version 12.00
# Visual Studio Version 16
VisualStudioVersion = 16.0.29613.14
MinimumVisualStudioVersion = 10.0.40219.1
Project("{8BC9CEB8-8B4A-11D0-8D11-00A0C91BC942}") = "all701", "all701\all701.vcxproj", "{969DAB6C-18B7-413A-8E7A-C80EE242B7EF}"
EndProject
Global
	GlobalSection(SolutionConfigurationPlatforms) = preSolution
		Debug|x64 = Debug|x64
		Debug|x86 = Debug|x86
		Release|x64 = Release|x64
		Release|x86 = Release|x86
	EndGlobalSection
	GlobalSection(ProjectConfigurationPlatforms) = postSolution
		{969DAB6C-18B7-413A-8E7A-C80EE242B7EF}.Debug|x64.ActiveCfg = Debug|x64
		{969DAB6C-18B7-413A-8E7A-C80EE242B7EF}.Debug|x64.Build.0 = Debug|x64
		{969DAB6C-18B7-413A-8E7A-C80EE242B7EF}.Debug|x86.ActiveCfg = Debug|Win32
		{969DAB6C-18B7-413A-8E7A-C80EE242B7EF}.Debug|x86.Build.0 = Debug|Win32
		{969DAB6C-18B7-413A-8E7A-C80EE242B7EF}.Release|x64.ActiveCfg = Release|x64
		{969DAB6C-18B7-413A-8E7A-C80EE242B7EF}.Release|x64.Build.0 = Release|x64
		{969DAB6C-18B7-413A-8E7A-C80EE242B7EF}.Release|x86.ActiveCfg = Release|Win32
		{969DAB6C-18B7-413A-8E7A-C80EE242B7EF}.Release|x86.Build.0 = Release|Win32
	EndGlobalSection
	GlobalSection(SolutionProperties) = preSolution
		HideSolutionNode = FALSE
	EndGlobalSection
	GlobalSection(ExtensibilityGlobals) = postSolution
		SolutionGuid = {207BDA82-B726-453A-A3DF-8F0F16512D66}
	EndGlobalSection
EndGlobal
